
Microsoft Visual Studio Solution File, Format Version 12.00
# Visual Studio 14
VisualStudioVersion = 14.0.25420.1
MinimumVisualStudioVersion = 10.0.40219.1
Project("{FAE04EC0-301F-11D3-BF4B-00C04F79EFBC}") = "Ex05.FormUI", "Ex05.FormUI\Ex05.FormUI.csproj", "{F6A02BF8-2A74-422F-A951-4D60F301EA81}"
EndProject
Project("{FAE04EC0-301F-11D3-BF4B-00C04F79EFBC}") = "Ex05.CheckersLogic", "Ex05.CheckersLogic\Ex05.CheckersLogic.csproj", "{0D0AA951-F1DF-4790-AF88-6AF1B1D1CB41}"
EndProject
Global
	GlobalSection(SolutionConfigurationPlatforms) = preSolution
		Debug|Any CPU = Debug|Any CPU
		Release|Any CPU = Release|Any CPU
	EndGlobalSection
	GlobalSection(ProjectConfigurationPlatforms) = postSolution
		{F6A02BF8-2A74-422F-A951-4D60F301EA81}.Debug|Any CPU.ActiveCfg = Debug|Any CPU
		{F6A02BF8-2A74-422F-A951-4D60F301EA81}.Debug|Any CPU.Build.0 = Debug|Any CPU
		{F6A02BF8-2A74-422F-A951-4D60F301EA81}.Release|Any CPU.ActiveCfg = Release|Any CPU
		{F6A02BF8-2A74-422F-A951-4D60F301EA81}.Release|Any CPU.Build.0 = Release|Any CPU
		{0D0AA951-F1DF-4790-AF88-6AF1B1D1CB41}.Debug|Any CPU.ActiveCfg = Debug|Any CPU
		{0D0AA951-F1DF-4790-AF88-6AF1B1D1CB41}.Debug|Any CPU.Build.0 = Debug|Any CPU
		{0D0AA951-F1DF-4790-AF88-6AF1B1D1CB41}.Release|Any CPU.ActiveCfg = Release|Any CPU
		{0D0AA951-F1DF-4790-AF88-6AF1B1D1CB41}.Release|Any CPU.Build.0 = Release|Any CPU
	EndGlobalSection
	GlobalSection(SolutionProperties) = preSolution
		HideSolutionNode = FALSE
	EndGlobalSection
EndGlobal
